
Microsoft Visual Studio Solution File, Format Version 12.00
# Visual Studio Version 17
VisualStudioVersion = 17.8.34309.116
MinimumVisualStudioVersion = 10.0.40219.1
Project("{FAE04EC0-301F-11D3-BF4B-00C04F79EFBC}") = "TicTac", "TicTac\TicTac.csproj", "{7878A3EE-062D-42A4-BF29-104F5891DABA}"
EndProject
Global
	GlobalSection(SolutionConfigurationPlatforms) = preSolution
		Debug|Any CPU = Debug|Any CPU
		Release|Any CPU = Release|Any CPU
	EndGlobalSection
	GlobalSection(ProjectConfigurationPlatforms) = postSolution
		{7878A3EE-062D-42A4-BF29-104F5891DABA}.Debug|Any CPU.ActiveCfg = Debug|Any CPU
		{7878A3EE-062D-42A4-BF29-104F5891DABA}.Debug|Any CPU.Build.0 = Debug|Any CPU
		{7878A3EE-062D-42A4-BF29-104F5891DABA}.Release|Any CPU.ActiveCfg = Release|Any CPU
		{7878A3EE-062D-42A4-BF29-104F5891DABA}.Release|Any CPU.Build.0 = Release|Any CPU
	EndGlobalSection
	GlobalSection(SolutionProperties) = preSolution
		HideSolutionNode = FALSE
	EndGlobalSection
	GlobalSection(ExtensibilityGlobals) = postSolution
		SolutionGuid = {F6C5AAF7-94B8-46B7-B1EA-51861D26B47A}
	EndGlobalSection
EndGlobal
